// !$*UTF8*$!
{
	archiveVersion = 1;
	classes = {
	};
	objectVersion = 46;
	objects = {

/* Begin PBXBuildFile section */
		8077D3C01B7CCF380065CFBA /* AppDelegate.swift in Sources */ = {isa = PBXBuildFile; fileRef = 8077D3BF1B7CCF380065CFBA /* AppDelegate.swift */; };
		8077D3C21B7CCF380065CFBA /* ViewController.swift in Sources */ = {isa = PBXBuildFile; fileRef = 8077D3C11B7CCF380065CFBA /* ViewController.swift */; };
		8077D3C51B7CCF380065CFBA /* Main.storyboard in Resources */ = {isa = PBXBuildFile; fileRef = 8077D3C31B7CCF380065CFBA /* Main.storyboard */; };
		8077D3C71B7CCF380065CFBA /* Images.xcassets in Resources */ = {isa = PBXBuildFile; fileRef = 8077D3C61B7CCF380065CFBA /* Images.xcassets */; };
		8077D3CA1B7CCF380065CFBA /* LaunchScreen.xib in Resources */ = {isa = PBXBuildFile; fileRef = 8077D3C81B7CCF380065CFBA /* LaunchScreen.xib */; };
		8077D3D61B7CCF380065CFBA /* ____1Tests.swift in Sources */ = {isa = PBXBuildFile; fileRef = 8077D3D51B7CCF380065CFBA /* ____1Tests.swift */; };
/* End PBXBuildFile section */

/* Begin PBXContainerItemProxy section */
		8077D3D01B7CCF380065CFBA /* PBXContainerItemProxy */ = {
			isa = PBXContainerItemProxy;
			containerPortal = 8077D3B21B7CCF370065CFBA /* Project object */;
			proxyType = 1;
			remoteGlobalIDString = 8077D3B91B7CCF370065CFBA;
			remoteInfo = "网络编程1";
		};
/* End PBXContainerItemProxy section */

/* Begin PBXFileReference section */
		8077D3BA1B7CCF380065CFBA /* 网络编程1.app */ = {isa = PBXFileReference; explicitFileType = wrapper.application; includeInIndex = 0; path = "网络编程1.app"; sourceTree = BUILT_PRODUCTS_DIR; };
		8077D3BE1B7CCF380065CFBA /* Info.plist */ = {isa = PBXFileReference; lastKnownFileType = text.plist.xml; path = Info.plist; sourceTree = "<group>"; };
		8077D3BF1B7CCF380065CFBA /* AppDelegate.swift */ = {isa = PBXFileReference; lastKnownFileType = sourcecode.swift; path = AppDelegate.swift; sourceTree = "<group>"; };
		8077D3C11B7CCF380065CFBA /* ViewController.swift */ = {isa = PBXFileReference; lastKnownFileType = sourcecode.swift; path = ViewController.swift; sourceTree = "<group>"; };
		8077D3C41B7CCF380065CFBA /* Base */ = {isa = PBXFileReference; lastKnownFileType = file.storyboard; name = Base; path = Base.lproj/Main.storyboard; sourceTree = "<group>"; };
		8077D3C61B7CCF380065CFBA /* Images.xcassets */ = {isa = PBXFileReference; lastKnownFileType = folder.assetcatalog; path = Images.xcassets; sourceTree = "<group>"; };
		8077D3C91B7CCF380065CFBA /* Base */ = {isa = PBXFileReference; lastKnownFileType = file.xib; name = Base; path = Base.lproj/LaunchScreen.xib; sourceTree = "<group>"; };
		8077D3CF1B7CCF380065CFBA /* 网络编程1Tests.xctest */ = {isa = PBXFileReference; explicitFileType = wrapper.cfbundle; includeInIndex = 0; path = "网络编程1Tests.xctest"; sourceTree = BUILT_PRODUCTS_DIR; };
		8077D3D41B7CCF380065CFBA /* Info.plist */ = {isa = PBXFileReference; lastKnownFileType = text.plist.xml; path = Info.plist; sourceTree = "<group>"; };
		8077D3D51B7CCF380065CFBA /* ____1Tests.swift */ = {isa = PBXFileReference; lastKnownFileType = sourcecode.swift; path = "____1Tests.swift"; sourceTree = "<group>"; };
/* End PBXFileReference section */

/* Begin PBXFrameworksBuildPhase section */
		8077D3B71B7CCF370065CFBA /* Frameworks */ = {
			isa = PBXFrameworksBuildPhase;
			buildActionMask = 2147483647;
			files = (
			);
			runOnlyForDeploymentPostprocessing = 0;
		};
		8077D3CC1B7CCF380065CFBA /* Frameworks */ = {
			isa = PBXFrameworksBuildPhase;
			buildActionMask = 2147483647;
			files = (
			);
			runOnlyForDeploymentPostprocessing = 0;
		};
/* End PBXFrameworksBuildPhase section */

/* Begin PBXGroup section */
		8077D3B11B7CCF370065CFBA = {
			isa = PBXGroup;
			children = (
				8077D3BC1B7CCF380065CFBA /* 网络编程1 */,
				8077D3D21B7CCF380065CFBA /* 网络编程1Tests */,
				8077D3BB1B7CCF380065CFBA /* Products */,
			);
			sourceTree = "<group>";
		};
		8077D3BB1B7CCF380065CFBA /* Products */ = {
			isa = PBXGroup;
			children = (
				8077D3BA1B7CCF380065CFBA /* 网络编程1.app */,
				8077D3CF1B7CCF380065CFBA /* 网络编程1Tests.xctest */,
			);
			name = Products;
			sourceTree = "<group>";
		};
		8077D3BC1B7CCF380065CFBA /* 网络编程1 */ = {
			isa = PBXGroup;
			children = (
				8077D3BF1B7CCF380065CFBA /* AppDelegate.swift */,
				8077D3C11B7CCF380065CFBA /* ViewController.swift */,
				8077D3C31B7CCF380065CFBA /* Main.storyboard */,
				8077D3C61B7CCF380065CFBA /* Images.xcassets */,
				8077D3C81B7CCF380065CFBA /* LaunchScreen.xib */,
				8077D3BD1B7CCF380065CFBA /* Supporting Files */,
			);
			path = "网络编程1";
			sourceTree = "<group>";
		};
		8077D3BD1B7CCF380065CFBA /* Supporting Files */ = {
			isa = PBXGroup;
			children = (
				8077D3BE1B7CCF380065CFBA /* Info.plist */,
			);
			name = "Supporting Files";
			sourceTree = "<group>";
		};
		8077D3D21B7CCF380065CFBA /* 网络编程1Tests */ = {
			isa = PBXGroup;
			children = (
				8077D3D51B7CCF380065CFBA /* ____1Tests.swift */,
				8077D3D31B7CCF380065CFBA /* Supporting Files */,
			);
			path = "网络编程1Tests";
			sourceTree = "<group>";
		};
		8077D3D31B7CCF380065CFBA /* Supporting Files */ = {
			isa = PBXGroup;
			children = (
				8077D3D41B7CCF380065CFBA /* Info.plist */,
			);
			name = "Supporting Files";
			sourceTree = "<group>";
		};
/* End PBXGroup section */

/* Begin PBXNativeTarget section */
		8077D3B91B7CCF370065CFBA /* 网络编程1 */ = {
			isa = PBXNativeTarget;
			buildConfigurationList = 8077D3D91B7CCF380065CFBA /* Build configuration list for PBXNativeTarget "网络编程1" */;
			buildPhases = (
				8077D3B61B7CCF370065CFBA /* Sources */,
				8077D3B71B7CCF370065CFBA /* Frameworks */,
				8077D3B81B7CCF370065CFBA /* Resources */,
			);
			buildRules = (
			);
			dependencies = (
			);
			name = "网络编程1";
			productName = "网络编程1";
			productReference = 8077D3BA1B7CCF380065CFBA /* 网络编程1.app */;
			productType = "com.apple.product-type.application";
		};
		8077D3CE1B7CCF380065CFBA /* 网络编程1Tests */ = {
			isa = PBXNativeTarget;
			buildConfigurationList = 8077D3DC1B7CCF380065CFBA /* Build configuration list for PBXNativeTarget "网络编程1Tests" */;
			buildPhases = (
				8077D3CB1B7CCF380065CFBA /* Sources */,
				8077D3CC1B7CCF380065CFBA /* Frameworks */,
				8077D3CD1B7CCF380065CFBA /* Resources */,
			);
			buildRules = (
			);
			dependencies = (
				8077D3D11B7CCF380065CFBA /* PBXTargetDependency */,
			);
			name = "网络编程1Tests";
			productName = "网络编程1Tests";
			productReference = 8077D3CF1B7CCF380065CFBA /* 网络编程1Tests.xctest */;
			productType = "com.apple.product-type.bundle.unit-test";
		};
/* End PBXNativeTarget section */

/* Begin PBXProject section */
		8077D3B21B7CCF370065CFBA /* Project object */ = {
			isa = PBXProject;
			attributes = {
				LastUpgradeCheck = 0640;
				ORGANIZATIONNAME = goofygao;
				TargetAttributes = {
					8077D3B91B7CCF370065CFBA = {
						CreatedOnToolsVersion = 6.4;
					};
					8077D3CE1B7CCF380065CFBA = {
						CreatedOnToolsVersion = 6.4;
						TestTargetID = 8077D3B91B7CCF370065CFBA;
					};
				};
			};
			buildConfigurationList = 8077D3B51B7CCF370065CFBA /* Build configuration list for PBXProject "网络编程1" */;
			compatibilityVersion = "Xcode 3.2";
			developmentRegion = English;
			hasScannedForEncodings = 0;
			knownRegions = (
				en,
				Base,
			);
			mainGroup = 8077D3B11B7CCF370065CFBA;
			productRefGroup = 8077D3BB1B7CCF380065CFBA /* Products */;
			projectDirPath = "";
			projectRoot = "";
			targets = (
				8077D3B91B7CCF370065CFBA /* 网络编程1 */,
				8077D3CE1B7CCF380065CFBA /* 网络编程1Tests */,
			);
		};
/* End PBXProject section */

/* Begin PBXResourcesBuildPhase section */
		8077D3B81B7CCF370065CFBA /* Resources */ = {
			isa = PBXResourcesBuildPhase;
			buildActionMask = 2147483647;
			files = (
				8077D3C51B7CCF380065CFBA /* Main.storyboard in Resources */,
				8077D3CA1B7CCF380065CFBA /* LaunchScreen.xib in Resources */,
				8077D3C71B7CCF380065CFBA /* Images.xcassets in Resources */,
			);
			runOnlyForDeploymentPostprocessing = 0;
		};
		8077D3CD1B7CCF380065CFBA /* Resources */ = {
			isa = PBXResourcesBuildPhase;
			buildActionMask = 2147483647;
			files = (
			);
			runOnlyForDeploymentPostprocessing = 0;
		};
/* End PBXResourcesBuildPhase section */

/* Begin PBXSourcesBuildPhase section */
		8077D3B61B7CCF370065CFBA /* Sources */ = {
			isa = PBXSourcesBuildPhase;
			buildActionMask = 2147483647;
			files = (
				8077D3C21B7CCF380065CFBA /* ViewController.swift in Sources */,
				8077D3C01B7CCF380065CFBA /* AppDelegate.swift in Sources */,
			);
			runOnlyForDeploymentPostprocessing = 0;
		};
		8077D3CB1B7CCF380065CFBA /* Sources */ = {
			isa = PBXSourcesBuildPhase;
			buildActionMask = 2147483647;
			files = (
				8077D3D61B7CCF380065CFBA /* ____1Tests.swift in Sources */,
			);
			runOnlyForDeploymentPostprocessing = 0;
		};
/* End PBXSourcesBuildPhase section */

/* Begin PBXTargetDependency section */
		8077D3D11B7CCF380065CFBA /* PBXTargetDependency */ = {
			isa = PBXTargetDependency;
			target = 8077D3B91B7CCF370065CFBA /* 网络编程1 */;
			targetProxy = 8077D3D01B7CCF380065CFBA /* PBXContainerItemProxy */;
		};
/* End PBXTargetDependency section */

/* Begin PBXVariantGroup section */
		8077D3C31B7CCF380065CFBA /* Main.storyboard */ = {
			isa = PBXVariantGroup;
			children = (
				8077D3C41B7CCF380065CFBA /* Base */,
			);
			name = Main.storyboard;
			sourceTree = "<group>";
		};
		8077D3C81B7CCF380065CFBA /* LaunchScreen.xib */ = {
			isa = PBXVariantGroup;
			children = (
				8077D3C91B7CCF380065CFBA /* Base */,
			);
			name = LaunchScreen.xib;
			sourceTree = "<group>";
		};
/* End PBXVariantGroup section */

/* Begin XCBuildConfiguration section */
		8077D3D71B7CCF380065CFBA /* Debug */ = {
			isa = XCBuildConfiguration;
			buildSettings = {
				ALWAYS_SEARCH_USER_PATHS = NO;
				CLANG_CXX_LANGUAGE_STANDARD = "gnu++0x";
				CLANG_CXX_LIBRARY = "libc++";
				CLANG_ENABLE_MODULES = YES;
				CLANG_ENABLE_OBJC_ARC = YES;
				CLANG_WARN_BOOL_CONVERSION = YES;
				CLANG_WARN_CONSTANT_CONVERSION = YES;
				CLANG_WARN_DIRECT_OBJC_ISA_USAGE = YES_ERROR;
				CLANG_WARN_EMPTY_BODY = YES;
				CLANG_WARN_ENUM_CONVERSION = YES;
				CLANG_WARN_INT_CONVERSION = YES;
				CLANG_WARN_OBJC_ROOT_CLASS = YES_ERROR;
				CLANG_WARN_UNREACHABLE_CODE = YES;
				CLANG_WARN__DUPLICATE_METHOD_MATCH = YES;
				"CODE_SIGN_IDENTITY[sdk=iphoneos*]" = "iPhone Developer";
				COPY_PHASE_STRIP = NO;
				DEBUG_INFORMATION_FORMAT = "dwarf-with-dsym";
				ENABLE_STRICT_OBJC_MSGSEND = YES;
				GCC_C_LANGUAGE_STANDARD = gnu99;
				GCC_DYNAMIC_NO_PIC = NO;
				GCC_NO_COMMON_BLOCKS = YES;
				GCC_OPTIMIZATION_LEVEL = 0;
				GCC_PREPROCESSOR_DEFINITIONS = (
					"DEBUG=1",
					"$(inherited)",
				);
				GCC_SYMBOLS_PRIVATE_EXTERN = NO;
				GCC_WARN_64_TO_32_BIT_CONVERSION = YES;
				GCC_WARN_ABOUT_RETURN_TYPE = YES_ERROR;
				GCC_WARN_UNDECLARED_SELECTOR = YES;
				GCC_WARN_UNINITIALIZED_AUTOS = YES_AGGRESSIVE;
				GCC_WARN_UNUSED_FUNCTION = YES;
				GCC_WARN_UNUSED_VARIABLE = YES;
				IPHONEOS_DEPLOYMENT_TARGET = 8.4;
				MTL_ENABLE_DEBUG_INFO = YES;
				ONLY_ACTIVE_ARCH = YES;
				SDKROOT = iphoneos;
				SWIFT_OPTIMIZATION_LEVEL = "-Onone";
			};
			name = Debug;
		};
		8077D3D81B7CCF380065CFBA /* Release */ = {
			isa = XCBuildConfiguration;
			buildSettings = {
				ALWAYS_SEARCH_USER_PATHS = NO;
				CLANG_CXX_LANGUAGE_STANDARD = "gnu++0x";
				CLANG_CXX_LIBRARY = "libc++";
				CLANG_ENABLE_MODULES = YES;
				CLANG_ENABLE_OBJC_ARC = YES;
				CLANG_WARN_BOOL_CONVERSION = YES;
				CLANG_WARN_CONSTANT_CONVERSION = YES;
				CLANG_WARN_DIRECT_OBJC_ISA_USAGE = YES_ERROR;
				CLANG_WARN_EMPTY_BODY = YES;
				CLANG_WARN_ENUM_CONVERSION = YES;
				CLANG_WARN_INT_CONVERSION = YES;
				CLANG_WARN_OBJC_ROOT_CLASS = YES_ERROR;
				CLANG_WARN_UNREACHABLE_CODE = YES;
				CLANG_WARN__DUPLICATE_METHOD_MATCH = YES;
				"CODE_SIGN_IDENTITY[sdk=iphoneos*]" = "iPhone Developer";
				COPY_PHASE_STRIP = NO;
				DEBUG_INFORMATION_FORMAT = "dwarf-with-dsym";
				ENABLE_NS_ASSERTIONS = NO;
				ENABLE_STRICT_OBJC_MSGSEND = YES;
				GCC_C_LANGUAGE_STANDARD = gnu99;
				GCC_NO_COMMON_BLOCKS = YES;
				GCC_WARN_64_TO_32_BIT_CONVERSION = YES;
				GCC_WARN_ABOUT_RETURN_TYPE = YES_ERROR;
				GCC_WARN_UNDECLARED_SELECTOR = YES;
				GCC_WARN_UNINITIALIZED_AUTOS = YES_AGGRESSIVE;
				GCC_WARN_UNUSED_FUNCTION = YES;
				GCC_WARN_UNUSED_VARIABLE = YES;
				IPHONEOS_DEPLOYMENT_TARGET = 8.4;
				MTL_ENABLE_DEBUG_INFO = NO;
				SDKROOT = iphoneos;
				VALIDATE_PRODUCT = YES;
			};
			name = Release;
		};
		8077D3DA1B7CCF380065CFBA /* Debug */ = {
			isa = XCBuildConfiguration;
			buildSettings = {
				ASSETCATALOG_COMPILER_APPICON_NAME = AppIcon;
				INFOPLIST_FILE = "网络编程1/Info.plist";
				LD_RUNPATH_SEARCH_PATHS = "$(inherited) @executable_path/Frameworks";
				PRODUCT_NAME = "$(TARGET_NAME)";
			};
			name = Debug;
		};
		8077D3DB1B7CCF380065CFBA /* Release */ = {
			isa = XCBuildConfiguration;
			buildSettings = {
				ASSETCATALOG_COMPILER_APPICON_NAME = AppIcon;
				INFOPLIST_FILE = "网络编程1/Info.plist";
				LD_RUNPATH_SEARCH_PATHS = "$(inherited) @executable_path/Frameworks";
				PRODUCT_NAME = "$(TARGET_NAME)";
			};
			name = Release;
		};
		8077D3DD1B7CCF380065CFBA /* Debug */ = {
			isa = XCBuildConfiguration;
			buildSettings = {
				BUNDLE_LOADER = "$(TEST_HOST)";
				FRAMEWORK_SEARCH_PATHS = (
					"$(SDKROOT)/Developer/Library/Frameworks",
					"$(inherited)",
				);
				GCC_PREPROCESSOR_DEFINITIONS = (
					"DEBUG=1",
					"$(inherited)",
				);
				INFOPLIST_FILE = "网络编程1Tests/Info.plist";
				LD_RUNPATH_SEARCH_PATHS = "$(inherited) @executable_path/Frameworks @loader_path/Frameworks";
				PRODUCT_NAME = "$(TARGET_NAME)";
				TEST_HOST = "$(BUILT_PRODUCTS_DIR)/网络编程1.app/网络编程1";
			};
			name = Debug;
		};
		8077D3DE1B7CCF380065CFBA /* Release */ = {
			isa = XCBuildConfiguration;
			buildSettings = {
				BUNDLE_LOADER = "$(TEST_HOST)";
				FRAMEWORK_SEARCH_PATHS = (
					"$(SDKROOT)/Developer/Library/Frameworks",
					"$(inherited)",
				);
				INFOPLIST_FILE = "网络编程1Tests/Info.plist";
				LD_RUNPATH_SEARCH_PATHS = "$(inherited) @executable_path/Frameworks @loader_path/Frameworks";
				PRODUCT_NAME = "$(TARGET_NAME)";
				TEST_HOST = "$(BUILT_PRODUCTS_DIR)/网络编程1.app/网络编程1";
			};
			name = Release;
		};
/* End XCBuildConfiguration section */

/* Begin XCConfigurationList section */
		8077D3B51B7CCF370065CFBA /* Build configuration list for PBXProject "网络编程1" */ = {
			isa = XCConfigurationList;
			buildConfigurations = (
				8077D3D71B7CCF380065CFBA /* Debug */,
				8077D3D81B7CCF380065CFBA /* Release */,
			);
			defaultConfigurationIsVisible = 0;
			defaultConfigurationName = Release;
		};
		8077D3D91B7CCF380065CFBA /* Build configuration list for PBXNativeTarget "网络编程1" */ = {
			isa = XCConfigurationList;
			buildConfigurations = (
				8077D3DA1B7CCF380065CFBA /* Debug */,
				8077D3DB1B7CCF380065CFBA /* Release */,
			);
			defaultConfigurationIsVisible = 0;
		};
		8077D3DC1B7CCF380065CFBA /* Build configuration list for PBXNativeTarget "网络编程1Tests" */ = {
			isa = XCConfigurationList;
			buildConfigurations = (
				8077D3DD1B7CCF380065CFBA /* Debug */,
				8077D3DE1B7CCF380065CFBA /* Release */,
			);
			defaultConfigurationIsVisible = 0;
		};
/* End XCConfigurationList section */
	};
	rootObject = 8077D3B21B7CCF370065CFBA /* Project object */;
}
